
Microsoft Visual Studio Solution File, Format Version 12.00
# Visual Studio 14
VisualStudioVersion = 14.0.25420.1
MinimumVisualStudioVersion = 10.0.40219.1
Project("{FAE04EC0-301F-11D3-BF4B-00C04F79EFBC}") = "FizzBuzz", "FizzBuzz\FizzBuzz.csproj", "{0D0BAD6A-57F5-4FB1-A249-9D3E153C96A3}"
EndProject
Project("{FAE04EC0-301F-11D3-BF4B-00C04F79EFBC}") = "FizzBuzz.Library.Tests", "FizzBuzz.Library.Tests\FizzBuzz.Library.Tests.csproj", "{CEEDEAE7-53B6-4F3E-B2DC-DCC8C44D95A4}"
EndProject
Project("{FAE04EC0-301F-11D3-BF4B-00C04F79EFBC}") = "FizzBuzz.Library", "FizzBuzz.Library\FizzBuzz.Library.csproj", "{1FBE6358-6B70-4ABC-8D46-FE55F76EEB77}"
EndProject
Project("{FAE04EC0-301F-11D3-BF4B-00C04F79EFBC}") = "Installer", "Installer\Installer.csproj", "{78694484-E557-4FF9-B158-BCDA07DCAE39}"
EndProject
Global
	GlobalSection(SolutionConfigurationPlatforms) = preSolution
		Debug|Any CPU = Debug|Any CPU
		Release|Any CPU = Release|Any CPU
	EndGlobalSection
	GlobalSection(ProjectConfigurationPlatforms) = postSolution
		{0D0BAD6A-57F5-4FB1-A249-9D3E153C96A3}.Debug|Any CPU.ActiveCfg = Debug|Any CPU
		{0D0BAD6A-57F5-4FB1-A249-9D3E153C96A3}.Debug|Any CPU.Build.0 = Debug|Any CPU
		{0D0BAD6A-57F5-4FB1-A249-9D3E153C96A3}.Release|Any CPU.ActiveCfg = Release|Any CPU
		{0D0BAD6A-57F5-4FB1-A249-9D3E153C96A3}.Release|Any CPU.Build.0 = Release|Any CPU
		{CEEDEAE7-53B6-4F3E-B2DC-DCC8C44D95A4}.Debug|Any CPU.ActiveCfg = Debug|Any CPU
		{CEEDEAE7-53B6-4F3E-B2DC-DCC8C44D95A4}.Debug|Any CPU.Build.0 = Debug|Any CPU
		{CEEDEAE7-53B6-4F3E-B2DC-DCC8C44D95A4}.Release|Any CPU.ActiveCfg = Release|Any CPU
		{CEEDEAE7-53B6-4F3E-B2DC-DCC8C44D95A4}.Release|Any CPU.Build.0 = Release|Any CPU
		{1FBE6358-6B70-4ABC-8D46-FE55F76EEB77}.Debug|Any CPU.ActiveCfg = Debug|Any CPU
		{1FBE6358-6B70-4ABC-8D46-FE55F76EEB77}.Debug|Any CPU.Build.0 = Debug|Any CPU
		{1FBE6358-6B70-4ABC-8D46-FE55F76EEB77}.Release|Any CPU.ActiveCfg = Release|Any CPU
		{1FBE6358-6B70-4ABC-8D46-FE55F76EEB77}.Release|Any CPU.Build.0 = Release|Any CPU
		{78694484-E557-4FF9-B158-BCDA07DCAE39}.Debug|Any CPU.ActiveCfg = Debug|Any CPU
		{78694484-E557-4FF9-B158-BCDA07DCAE39}.Debug|Any CPU.Build.0 = Debug|Any CPU
		{78694484-E557-4FF9-B158-BCDA07DCAE39}.Release|Any CPU.ActiveCfg = Release|Any CPU
		{78694484-E557-4FF9-B158-BCDA07DCAE39}.Release|Any CPU.Build.0 = Release|Any CPU
	EndGlobalSection
	GlobalSection(SolutionProperties) = preSolution
		HideSolutionNode = FALSE
	EndGlobalSection
EndGlobal
